uuid: 9ff3d69b-5fd2-4c1b-aff8-dfbb15bc9a8d
langcode: uk
status: true
dependencies:
  config:
    - views.view.legal_positions_list
  module:
    - views
  theme:
    - bootstrap4
id: views_block__legal_positions_list_legal_positions_block
theme: bootstrap4
region: sidebar_second
weight: -5
provider: null
plugin: 'views_block:legal_positions_list-legal_positions_block'
settings:
  id: 'views_block:legal_positions_list-legal_positions_block'
  label: ''
  provider: views
  label_display: visible
  views_label: ''
  items_per_page: '40'
visibility: {  }
